
Microsoft Visual Studio Solution File, Format Version 12.00
# Visual Studio Version 17
VisualStudioVersion = 17.7.34202.233
MinimumVisualStudioVersion = 10.0.40219.1
Project("{FAE04EC0-301F-11D3-BF4B-00C04F79EFBC}") = "taxiRideManagementBackend", "taxiRideManagementBackend\taxiRideManagementBackend.csproj", "{2CE17807-851B-4453-8E13-E5488F3C8690}"
EndProject
Global
	GlobalSection(SolutionConfigurationPlatforms) = preSolution
		Debug|Any CPU = Debug|Any CPU
		Release|Any CPU = Release|Any CPU
	EndGlobalSection
	GlobalSection(ProjectConfigurationPlatforms) = postSolution
		{2CE17807-851B-4453-8E13-E5488F3C8690}.Debug|Any CPU.ActiveCfg = Debug|Any CPU
		{2CE17807-851B-4453-8E13-E5488F3C8690}.Debug|Any CPU.Build.0 = Debug|Any CPU
		{2CE17807-851B-4453-8E13-E5488F3C8690}.Release|Any CPU.ActiveCfg = Release|Any CPU
		{2CE17807-851B-4453-8E13-E5488F3C8690}.Release|Any CPU.Build.0 = Release|Any CPU
	EndGlobalSection
	GlobalSection(SolutionProperties) = preSolution
		HideSolutionNode = FALSE
	EndGlobalSection
	GlobalSection(ExtensibilityGlobals) = postSolution
		SolutionGuid = {818F906E-DB7B-44F1-BF5D-1C12CF78E911}
	EndGlobalSection
EndGlobal
